
Microsoft Visual Studio Solution File, Format Version 12.00
# Visual Studio Version 17
VisualStudioVersion = 17.5.33502.453
MinimumVisualStudioVersion = 10.0.40219.1
Project("{9A19103F-16F7-4668-BE54-9A1E7A4F7556}") = "testApp", "testApp\testApp.csproj", "{CDC3B34D-1653-4A90-A576-CE3D1DC9EE6D}"
EndProject
Project("{FAE04EC0-301F-11D3-BF4B-00C04F79EFBC}") = "testAppTests", "testAppTests\testAppTests.csproj", "{7ADC9DB3-AA79-445B-BEC6-F39D705EFA33}"
EndProject
Global
	GlobalSection(SolutionConfigurationPlatforms) = preSolution
		Debug|Any CPU = Debug|Any CPU
		Release|Any CPU = Release|Any CPU
	EndGlobalSection
	GlobalSection(ProjectConfigurationPlatforms) = postSolution
		{CDC3B34D-1653-4A90-A576-CE3D1DC9EE6D}.Debug|Any CPU.ActiveCfg = Debug|Any CPU
		{CDC3B34D-1653-4A90-A576-CE3D1DC9EE6D}.Debug|Any CPU.Build.0 = Debug|Any CPU
		{CDC3B34D-1653-4A90-A576-CE3D1DC9EE6D}.Release|Any CPU.ActiveCfg = Release|Any CPU
		{CDC3B34D-1653-4A90-A576-CE3D1DC9EE6D}.Release|Any CPU.Build.0 = Release|Any CPU
		{7ADC9DB3-AA79-445B-BEC6-F39D705EFA33}.Debug|Any CPU.ActiveCfg = Debug|Any CPU
		{7ADC9DB3-AA79-445B-BEC6-F39D705EFA33}.Debug|Any CPU.Build.0 = Debug|Any CPU
		{7ADC9DB3-AA79-445B-BEC6-F39D705EFA33}.Release|Any CPU.ActiveCfg = Release|Any CPU
		{7ADC9DB3-AA79-445B-BEC6-F39D705EFA33}.Release|Any CPU.Build.0 = Release|Any CPU
	EndGlobalSection
	GlobalSection(SolutionProperties) = preSolution
		HideSolutionNode = FALSE
	EndGlobalSection
	GlobalSection(ExtensibilityGlobals) = postSolution
		SolutionGuid = {2EF55BA0-D603-41E0-939B-A66941392033}
	EndGlobalSection
EndGlobal
